// !$*UTF8*$!
{
	archiveVersion = 1;
	classes = {
	};
	objectVersion = 51;
	objects = {

/* Begin PBXBuildFile section */
		2C1208B825777E9E00CB652F /* SeriesPresenter.swift in Sources */ = {isa = PBXBuildFile; fileRef = 2C1208B225777E9E00CB652F /* SeriesPresenter.swift */; };
		2C1208B925777E9E00CB652F /* SeriesWorker.swift in Sources */ = {isa = PBXBuildFile; fileRef = 2C1208B325777E9E00CB652F /* SeriesWorker.swift */; };
		2C1208BA25777E9E00CB652F /* SeriesRouter.swift in Sources */ = {isa = PBXBuildFile; fileRef = 2C1208B425777E9E00CB652F /* SeriesRouter.swift */; };
		2C1208BB25777E9E00CB652F /* SeriesModels.swift in Sources */ = {isa = PBXBuildFile; fileRef = 2C1208B525777E9E00CB652F /* SeriesModels.swift */; };
		2C1208BC25777E9E00CB652F /* SeriesViewController.swift in Sources */ = {isa = PBXBuildFile; fileRef = 2C1208B625777E9E00CB652F /* SeriesViewController.swift */; };
		2C1208BD25777E9E00CB652F /* SeriesInteractor.swift in Sources */ = {isa = PBXBuildFile; fileRef = 2C1208B725777E9E00CB652F /* SeriesInteractor.swift */; };
		2C1208BF25777F2200CB652F /* Series.storyboard in Resources */ = {isa = PBXBuildFile; fileRef = 2C1208BE25777F2200CB652F /* Series.storyboard */; };
		2C1208C4257785C400CB652F /* SerieTableViewCell.swift in Sources */ = {isa = PBXBuildFile; fileRef = 2C1208C2257785C400CB652F /* SerieTableViewCell.swift */; };
		2C1208C5257785C400CB652F /* SerieTableViewCell.xib in Resources */ = {isa = PBXBuildFile; fileRef = 2C1208C3257785C400CB652F /* SerieTableViewCell.xib */; };
		2C1208C72577B98E00CB652F /* Localizable.strings in Resources */ = {isa = PBXBuildFile; fileRef = 2C1208C62577B98E00CB652F /* Localizable.strings */; };
		2C1208C92577C30900CB652F /* Thumbnail.swift in Sources */ = {isa = PBXBuildFile; fileRef = 2C1208C82577C30900CB652F /* Thumbnail.swift */; };
		2C1208D42577CBB200CB652F /* CharactersPresenter.swift in Sources */ = {isa = PBXBuildFile; fileRef = 2C1208CE2577CBB200CB652F /* CharactersPresenter.swift */; };
		2C1208D52577CBB200CB652F /* CharactersWorker.swift in Sources */ = {isa = PBXBuildFile; fileRef = 2C1208CF2577CBB200CB652F /* CharactersWorker.swift */; };
		2C1208D62577CBB200CB652F /* CharactersRouter.swift in Sources */ = {isa = PBXBuildFile; fileRef = 2C1208D02577CBB200CB652F /* CharactersRouter.swift */; };
		2C1208D72577CBB200CB652F /* CharactersModels.swift in Sources */ = {isa = PBXBuildFile; fileRef = 2C1208D12577CBB200CB652F /* CharactersModels.swift */; };
		2C1208D82577CBB200CB652F /* CharactersViewController.swift in Sources */ = {isa = PBXBuildFile; fileRef = 2C1208D22577CBB200CB652F /* CharactersViewController.swift */; };
		2C1208D92577CBB200CB652F /* CharactersInteractor.swift in Sources */ = {isa = PBXBuildFile; fileRef = 2C1208D32577CBB200CB652F /* CharactersInteractor.swift */; };
		2C1208DC2577CEDB00CB652F /* CharacterRepository.swift in Sources */ = {isa = PBXBuildFile; fileRef = 2C1208DB2577CEDB00CB652F /* CharacterRepository.swift */; };
		2C1208DE2577CF3F00CB652F /* APICharacterRepository.swift in Sources */ = {isa = PBXBuildFile; fileRef = 2C1208DD2577CF3F00CB652F /* APICharacterRepository.swift */; };
		2C1208E02577E1A500CB652F /* Characters.storyboard in Resources */ = {isa = PBXBuildFile; fileRef = 2C1208DF2577E1A500CB652F /* Characters.storyboard */; };
		2C1208E22577E99900CB652F /* Actor.swift in Sources */ = {isa = PBXBuildFile; fileRef = 2C1208E12577E99900CB652F /* Actor.swift */; };
		2C1208E62577F67D00CB652F /* CharacterCollectionViewCell.swift in Sources */ = {isa = PBXBuildFile; fileRef = 2C1208E42577F67D00CB652F /* CharacterCollectionViewCell.swift */; };
		2C1208E72577F67D00CB652F /* CharacterCollectionViewCell.xib in Resources */ = {isa = PBXBuildFile; fileRef = 2C1208E52577F67D00CB652F /* CharacterCollectionViewCell.xib */; };
		2C5E5F0E2578CE690067CC13 /* MainViewControllerTests.swift in Sources */ = {isa = PBXBuildFile; fileRef = 2C5E5F0A2578CE690067CC13 /* MainViewControllerTests.swift */; };
		2C5E5F0F2578CE690067CC13 /* MainInteractorTests.swift in Sources */ = {isa = PBXBuildFile; fileRef = 2C5E5F0B2578CE690067CC13 /* MainInteractorTests.swift */; };
		2C5E5F102578CE690067CC13 /* MainWorkerTests.swift in Sources */ = {isa = PBXBuildFile; fileRef = 2C5E5F0C2578CE690067CC13 /* MainWorkerTests.swift */; };
		2C5E5F112578CE690067CC13 /* MainPresenterTests.swift in Sources */ = {isa = PBXBuildFile; fileRef = 2C5E5F0D2578CE690067CC13 /* MainPresenterTests.swift */; };
		2C5EF1C82576A5AB00DC5870 /* Constants.swift in Sources */ = {isa = PBXBuildFile; fileRef = 2C5EF1C72576A5AB00DC5870 /* Constants.swift */; };
		2C5EF1CA2576E86100DC5870 /* APIBaseRepository.swift in Sources */ = {isa = PBXBuildFile; fileRef = 2C5EF1C92576E86100DC5870 /* APIBaseRepository.swift */; };
		2C5EF1D02576EB7600DC5870 /* SerieRepository.swift in Sources */ = {isa = PBXBuildFile; fileRef = 2C5EF1CF2576EB7600DC5870 /* SerieRepository.swift */; };
		2C5EF1D22576EBBC00DC5870 /* LocalSerieRepository.swift in Sources */ = {isa = PBXBuildFile; fileRef = 2C5EF1D12576EBBC00DC5870 /* LocalSerieRepository.swift */; };
		2C5EF1D42576EBE300DC5870 /* APISerieRepository.swift in Sources */ = {isa = PBXBuildFile; fileRef = 2C5EF1D32576EBE300DC5870 /* APISerieRepository.swift */; };
		2C5EF1D62576EC7C00DC5870 /* SeriesManager.swift in Sources */ = {isa = PBXBuildFile; fileRef = 2C5EF1D52576EC7C00DC5870 /* SeriesManager.swift */; };
		2C5EF1D92576ECBF00DC5870 /* Serie.swift in Sources */ = {isa = PBXBuildFile; fileRef = 2C5EF1D82576ECBF00DC5870 /* Serie.swift */; };
		2C5EF1DB2576F56500DC5870 /* DataResponse.swift in Sources */ = {isa = PBXBuildFile; fileRef = 2C5EF1DA2576F56500DC5870 /* DataResponse.swift */; };
		2C5EF1DD2576F7F600DC5870 /* DataModel.swift in Sources */ = {isa = PBXBuildFile; fileRef = 2C5EF1DC2576F7F600DC5870 /* DataModel.swift */; };
		2CA806252576936B000571E5 /* BaseViewController.swift in Sources */ = {isa = PBXBuildFile; fileRef = 2CA806242576936B000571E5 /* BaseViewController.swift */; };
		2CA8062D25769963000571E5 /* MainPresenter.swift in Sources */ = {isa = PBXBuildFile; fileRef = 2CA8062725769963000571E5 /* MainPresenter.swift */; };
		2CA8062E25769963000571E5 /* MainWorker.swift in Sources */ = {isa = PBXBuildFile; fileRef = 2CA8062825769963000571E5 /* MainWorker.swift */; };
		2CA8062F25769963000571E5 /* MainRouter.swift in Sources */ = {isa = PBXBuildFile; fileRef = 2CA8062925769963000571E5 /* MainRouter.swift */; };
		2CA8063025769963000571E5 /* MainModels.swift in Sources */ = {isa = PBXBuildFile; fileRef = 2CA8062A25769963000571E5 /* MainModels.swift */; };
		2CA8063125769963000571E5 /* MainViewController.swift in Sources */ = {isa = PBXBuildFile; fileRef = 2CA8062B25769963000571E5 /* MainViewController.swift */; };
		2CA8063225769963000571E5 /* MainInteractor.swift in Sources */ = {isa = PBXBuildFile; fileRef = 2CA8062C25769963000571E5 /* MainInteractor.swift */; };
		2CA8063425769997000571E5 /* Main.storyboard in Resources */ = {isa = PBXBuildFile; fileRef = 2CA8063325769997000571E5 /* Main.storyboard */; };
		2CDC930C25768DBD0046943A /* AppDelegate.swift in Sources */ = {isa = PBXBuildFile; fileRef = 2CDC930B25768DBD0046943A /* AppDelegate.swift */; };
		2CDC930E25768DBD0046943A /* SceneDelegate.swift in Sources */ = {isa = PBXBuildFile; fileRef = 2CDC930D25768DBD0046943A /* SceneDelegate.swift */; };
		2CDC931525768DBE0046943A /* Assets.xcassets in Resources */ = {isa = PBXBuildFile; fileRef = 2CDC931425768DBE0046943A /* Assets.xcassets */; };
		2CDC931825768DBE0046943A /* LaunchScreen.storyboard in Resources */ = {isa = PBXBuildFile; fileRef = 2CDC931625768DBE0046943A /* LaunchScreen.storyboard */; };
		2CDC932325768DBE0046943A /* JSONMarvelappTests.swift in Sources */ = {isa = PBXBuildFile; fileRef = 2CDC932225768DBE0046943A /* JSONMarvelappTests.swift */; };
		44675F97F9D48E3EA0D18F3D /* Pods_JSONMarvelapp.framework in Frameworks */ = {isa = PBXBuildFile; fileRef = 5A9CFCA541149004F3A9C470 /* Pods_JSONMarvelapp.framework */; };
		E9AADF358FE609F6875B68A6 /* Pods_JSONMarvelappTests.framework in Frameworks */ = {isa = PBXBuildFile; fileRef = ACDA961F64425D4DDD1BE5FA /* Pods_JSONMarvelappTests.framework */; };
/* End PBXBuildFile section */

/* Begin PBXContainerItemProxy section */
		2CDC931F25768DBE0046943A /* PBXContainerItemProxy */ = {
			isa = PBXContainerItemProxy;
			containerPortal = 2CDC930025768DBD0046943A /* Project object */;
			proxyType = 1;
			remoteGlobalIDString = 2CDC930725768DBD0046943A;
			remoteInfo = JSONMarvelapp;
		};
/* End PBXContainerItemProxy section */

/* Begin PBXFileReference section */
		0CEAD4170E5E3A18A327F052 /* Pods-JSONMarvelappTests.debug.xcconfig */ = {isa = PBXFileReference; includeInIndex = 1; lastKnownFileType = text.xcconfig; name = "Pods-JSONMarvelappTests.debug.xcconfig"; path = "Target Support Files/Pods-JSONMarvelappTests/Pods-JSONMarvelappTests.debug.xcconfig"; sourceTree = "<group>"; };
		2C1208B225777E9E00CB652F /* SeriesPresenter.swift */ = {isa = PBXFileReference; lastKnownFileType = sourcecode.swift; path = SeriesPresenter.swift; sourceTree = "<group>"; };
		2C1208B325777E9E00CB652F /* SeriesWorker.swift */ = {isa = PBXFileReference; lastKnownFileType = sourcecode.swift; path = SeriesWorker.swift; sourceTree = "<group>"; };
		2C1208B425777E9E00CB652F /* SeriesRouter.swift */ = {isa = PBXFileReference; lastKnownFileType = sourcecode.swift; path = SeriesRouter.swift; sourceTree = "<group>"; };
		2C1208B525777E9E00CB652F /* SeriesModels.swift */ = {isa = PBXFileReference; lastKnownFileType = sourcecode.swift; path = SeriesModels.swift; sourceTree = "<group>"; };
		2C1208B625777E9E00CB652F /* SeriesViewController.swift */ = {isa = PBXFileReference; lastKnownFileType = sourcecode.swift; path = SeriesViewController.swift; sourceTree = "<group>"; };
		2C1208B725777E9E00CB652F /* SeriesInteractor.swift */ = {isa = PBXFileReference; lastKnownFileType = sourcecode.swift; path = SeriesInteractor.swift; sourceTree = "<group>"; };
		2C1208BE25777F2200CB652F /* Series.storyboard */ = {isa = PBXFileReference; lastKnownFileType = file.storyboard; path = Series.storyboard; sourceTree = "<group>"; };
		2C1208C2257785C400CB652F /* SerieTableViewCell.swift */ = {isa = PBXFileReference; lastKnownFileType = sourcecode.swift; path = SerieTableViewCell.swift; sourceTree = "<group>"; };
		2C1208C3257785C400CB652F /* SerieTableViewCell.xib */ = {isa = PBXFileReference; lastKnownFileType = file.xib; path = SerieTableViewCell.xib; sourceTree = "<group>"; };
		2C1208C62577B98E00CB652F /* Localizable.strings */ = {isa = PBXFileReference; lastKnownFileType = text.plist.strings; path = Localizable.strings; sourceTree = "<group>"; };
		2C1208C82577C30900CB652F /* Thumbnail.swift */ = {isa = PBXFileReference; lastKnownFileType = sourcecode.swift; path = Thumbnail.swift; sourceTree = "<group>"; };
		2C1208CE2577CBB200CB652F /* CharactersPresenter.swift */ = {isa = PBXFileReference; lastKnownFileType = sourcecode.swift; path = CharactersPresenter.swift; sourceTree = "<group>"; };
		2C1208CF2577CBB200CB652F /* CharactersWorker.swift */ = {isa = PBXFileReference; lastKnownFileType = sourcecode.swift; path = CharactersWorker.swift; sourceTree = "<group>"; };
		2C1208D02577CBB200CB652F /* CharactersRouter.swift */ = {isa = PBXFileReference; lastKnownFileType = sourcecode.swift; path = CharactersRouter.swift; sourceTree = "<group>"; };
		2C1208D12577CBB200CB652F /* CharactersModels.swift */ = {isa = PBXFileReference; lastKnownFileType = sourcecode.swift; path = CharactersModels.swift; sourceTree = "<group>"; };
		2C1208D22577CBB200CB652F /* CharactersViewController.swift */ = {isa = PBXFileReference; lastKnownFileType = sourcecode.swift; path = CharactersViewController.swift; sourceTree = "<group>"; };
		2C1208D32577CBB200CB652F /* CharactersInteractor.swift */ = {isa = PBXFileReference; lastKnownFileType = sourcecode.swift; path = CharactersInteractor.swift; sourceTree = "<group>"; };
		2C1208DB2577CEDB00CB652F /* CharacterRepository.swift */ = {isa = PBXFileReference; lastKnownFileType = sourcecode.swift; path = CharacterRepository.swift; sourceTree = "<group>"; };
		2C1208DD2577CF3F00CB652F /* APICharacterRepository.swift */ = {isa = PBXFileReference; lastKnownFileType = sourcecode.swift; path = APICharacterRepository.swift; sourceTree = "<group>"; };
		2C1208DF2577E1A500CB652F /* Characters.storyboard */ = {isa = PBXFileReference; lastKnownFileType = file.storyboard; path = Characters.storyboard; sourceTree = "<group>"; };
		2C1208E12577E99900CB652F /* Actor.swift */ = {isa = PBXFileReference; lastKnownFileType = sourcecode.swift; path = Actor.swift; sourceTree = "<group>"; };
		2C1208E42577F67D00CB652F /* CharacterCollectionViewCell.swift */ = {isa = PBXFileReference; lastKnownFileType = sourcecode.swift; path = CharacterCollectionViewCell.swift; sourceTree = "<group>"; };
		2C1208E52577F67D00CB652F /* CharacterCollectionViewCell.xib */ = {isa = PBXFileReference; lastKnownFileType = file.xib; path = CharacterCollectionViewCell.xib; sourceTree = "<group>"; };
		2C5E5F0A2578CE690067CC13 /* MainViewControllerTests.swift */ = {isa = PBXFileReference; lastKnownFileType = sourcecode.swift; path = MainViewControllerTests.swift; sourceTree = "<group>"; };
		2C5E5F0B2578CE690067CC13 /* MainInteractorTests.swift */ = {isa = PBXFileReference; lastKnownFileType = sourcecode.swift; path = MainInteractorTests.swift; sourceTree = "<group>"; };
		2C5E5F0C2578CE690067CC13 /* MainWorkerTests.swift */ = {isa = PBXFileReference; lastKnownFileType = sourcecode.swift; path = MainWorkerTests.swift; sourceTree = "<group>"; };
		2C5E5F0D2578CE690067CC13 /* MainPresenterTests.swift */ = {isa = PBXFileReference; lastKnownFileType = sourcecode.swift; path = MainPresenterTests.swift; sourceTree = "<group>"; };
		2C5EF1C72576A5AB00DC5870 /* Constants.swift */ = {isa = PBXFileReference; lastKnownFileType = sourcecode.swift; path = Constants.swift; sourceTree = "<group>"; };
		2C5EF1C92576E86100DC5870 /* APIBaseRepository.swift */ = {isa = PBXFileReference; lastKnownFileType = sourcecode.swift; path = APIBaseRepository.swift; sourceTree = "<group>"; };
		2C5EF1CF2576EB7600DC5870 /* SerieRepository.swift */ = {isa = PBXFileReference; lastKnownFileType = sourcecode.swift; path = SerieRepository.swift; sourceTree = "<group>"; };
		2C5EF1D12576EBBC00DC5870 /* LocalSerieRepository.swift */ = {isa = PBXFileReference; lastKnownFileType = sourcecode.swift; path = LocalSerieRepository.swift; sourceTree = "<group>"; };
		2C5EF1D32576EBE300DC5870 /* APISerieRepository.swift */ = {isa = PBXFileReference; lastKnownFileType = sourcecode.swift; path = APISerieRepository.swift; sourceTree = "<group>"; };
		2C5EF1D52576EC7C00DC5870 /* SeriesManager.swift */ = {isa = PBXFileReference; lastKnownFileType = sourcecode.swift; path = SeriesManager.swift; sourceTree = "<group>"; };
		2C5EF1D82576ECBF00DC5870 /* Serie.swift */ = {isa = PBXFileReference; lastKnownFileType = sourcecode.swift; path = Serie.swift; sourceTree = "<group>"; };
		2C5EF1DA2576F56500DC5870 /* DataResponse.swift */ = {isa = PBXFileReference; lastKnownFileType = sourcecode.swift; path = DataResponse.swift; sourceTree = "<group>"; };
		2C5EF1DC2576F7F600DC5870 /* DataModel.swift */ = {isa = PBXFileReference; lastKnownFileType = sourcecode.swift; path = DataModel.swift; sourceTree = "<group>"; };
		2CA8061E25769192000571E5 /* JSONMarvelapp-Bridging-Header.h */ = {isa = PBXFileReference; lastKnownFileType = sourcecode.c.h; path = "JSONMarvelapp-Bridging-Header.h"; sourceTree = "<group>"; };
		2CA806242576936B000571E5 /* BaseViewController.swift */ = {isa = PBXFileReference; lastKnownFileType = sourcecode.swift; path = BaseViewController.swift; sourceTree = "<group>"; };
		2CA8062725769963000571E5 /* MainPresenter.swift */ = {isa = PBXFileReference; lastKnownFileType = sourcecode.swift; path = MainPresenter.swift; sourceTree = "<group>"; };
		2CA8062825769963000571E5 /* MainWorker.swift */ = {isa = PBXFileReference; lastKnownFileType = sourcecode.swift; path = MainWorker.swift; sourceTree = "<group>"; };
		2CA8062925769963000571E5 /* MainRouter.swift */ = {isa = PBXFileReference; lastKnownFileType = sourcecode.swift; path = MainRouter.swift; sourceTree = "<group>"; };
		2CA8062A25769963000571E5 /* MainModels.swift */ = {isa = PBXFileReference; lastKnownFileType = sourcecode.swift; path = MainModels.swift; sourceTree = "<group>"; };
		2CA8062B25769963000571E5 /* MainViewController.swift */ = {isa = PBXFileReference; lastKnownFileType = sourcecode.swift; path = MainViewController.swift; sourceTree = "<group>"; };
		2CA8062C25769963000571E5 /* MainInteractor.swift */ = {isa = PBXFileReference; lastKnownFileType = sourcecode.swift; path = MainInteractor.swift; sourceTree = "<group>"; };
		2CA8063325769997000571E5 /* Main.storyboard */ = {isa = PBXFileReference; lastKnownFileType = file.storyboard; path = Main.storyboard; sourceTree = "<group>"; };
		2CDC930825768DBD0046943A /* JSONMarvelapp.app */ = {isa = PBXFileReference; explicitFileType = wrapper.application; includeInIndex = 0; path = JSONMarvelapp.app; sourceTree = BUILT_PRODUCTS_DIR; };
		2CDC930B25768DBD0046943A /* AppDelegate.swift */ = {isa = PBXFileReference; lastKnownFileType = sourcecode.swift; path = AppDelegate.swift; sourceTree = "<group>"; };
		2CDC930D25768DBD0046943A /* SceneDelegate.swift */ = {isa = PBXFileReference; lastKnownFileType = sourcecode.swift; path = SceneDelegate.swift; sourceTree = "<group>"; };
		2CDC931425768DBE0046943A /* Assets.xcassets */ = {isa = PBXFileReference; lastKnownFileType = folder.assetcatalog; path = Assets.xcassets; sourceTree = "<group>"; };
		2CDC931725768DBE0046943A /* Base */ = {isa = PBXFileReference; lastKnownFileType = file.storyboard; name = Base; path = Base.lproj/LaunchScreen.storyboard; sourceTree = "<group>"; };
		2CDC931925768DBE0046943A /* Info.plist */ = {isa = PBXFileReference; lastKnownFileType = text.plist.xml; path = Info.plist; sourceTree = "<group>"; };
		2CDC931E25768DBE0046943A /* JSONMarvelappTests.xctest */ = {isa = PBXFileReference; explicitFileType = wrapper.cfbundle; includeInIndex = 0; path = JSONMarvelappTests.xctest; sourceTree = BUILT_PRODUCTS_DIR; };
		2CDC932225768DBE0046943A /* JSONMarvelappTests.swift */ = {isa = PBXFileReference; lastKnownFileType = sourcecode.swift; path = JSONMarvelappTests.swift; sourceTree = "<group>"; };
		2CDC932425768DBF0046943A /* Info.plist */ = {isa = PBXFileReference; lastKnownFileType = text.plist.xml; path = Info.plist; sourceTree = "<group>"; };
		539A574C934EB0A193A08145 /* Pods-JSONMarvelappTests.release.xcconfig */ = {isa = PBXFileReference; includeInIndex = 1; lastKnownFileType = text.xcconfig; name = "Pods-JSONMarvelappTests.release.xcconfig"; path = "Target Support Files/Pods-JSONMarvelappTests/Pods-JSONMarvelappTests.release.xcconfig"; sourceTree = "<group>"; };
		5A9CFCA541149004F3A9C470 /* Pods_JSONMarvelapp.framework */ = {isa = PBXFileReference; explicitFileType = wrapper.framework; includeInIndex = 0; path = Pods_JSONMarvelapp.framework; sourceTree = BUILT_PRODUCTS_DIR; };
		ACDA961F64425D4DDD1BE5FA /* Pods_JSONMarvelappTests.framework */ = {isa = PBXFileReference; explicitFileType = wrapper.framework; includeInIndex = 0; path = Pods_JSONMarvelappTests.framework; sourceTree = BUILT_PRODUCTS_DIR; };
		ECD235819FFEEF2DFAF36E2F /* Pods-JSONMarvelapp.release.xcconfig */ = {isa = PBXFileReference; includeInIndex = 1; lastKnownFileType = text.xcconfig; name = "Pods-JSONMarvelapp.release.xcconfig"; path = "Target Support Files/Pods-JSONMarvelapp/Pods-JSONMarvelapp.release.xcconfig"; sourceTree = "<group>"; };
		F75A2C8FBF8FF1889E7BD483 /* Pods-JSONMarvelapp.debug.xcconfig */ = {isa = PBXFileReference; includeInIndex = 1; lastKnownFileType = text.xcconfig; name = "Pods-JSONMarvelapp.debug.xcconfig"; path = "Target Support Files/Pods-JSONMarvelapp/Pods-JSONMarvelapp.debug.xcconfig"; sourceTree = "<group>"; };
/* End PBXFileReference section */

/* Begin PBXFrameworksBuildPhase section */
		2CDC930525768DBD0046943A /* Frameworks */ = {
			isa = PBXFrameworksBuildPhase;
			buildActionMask = 2147483647;
			files = (
				44675F97F9D48E3EA0D18F3D /* Pods_JSONMarvelapp.framework in Frameworks */,
			);
			runOnlyForDeploymentPostprocessing = 0;
		};
		2CDC931B25768DBE0046943A /* Frameworks */ = {
			isa = PBXFrameworksBuildPhase;
			buildActionMask = 2147483647;
			files = (
				E9AADF358FE609F6875B68A6 /* Pods_JSONMarvelappTests.framework in Frameworks */,
			);
			runOnlyForDeploymentPostprocessing = 0;
		};
/* End PBXFrameworksBuildPhase section */

/* Begin PBXGroup section */
		2C1208B125777E8400CB652F /* SeriesScene */ = {
			isa = PBXGroup;
			children = (
				2C1208C02577854900CB652F /* View */,
				2C1208B225777E9E00CB652F /* SeriesPresenter.swift */,
				2C1208B325777E9E00CB652F /* SeriesWorker.swift */,
				2C1208B425777E9E00CB652F /* SeriesRouter.swift */,
				2C1208B525777E9E00CB652F /* SeriesModels.swift */,
				2C1208B625777E9E00CB652F /* SeriesViewController.swift */,
				2C1208B725777E9E00CB652F /* SeriesInteractor.swift */,
				2C1208BE25777F2200CB652F /* Series.storyboard */,
			);
			path = SeriesScene;
			sourceTree = "<group>";
		};
		2C1208C02577854900CB652F /* View */ = {
			isa = PBXGroup;
			children = (
				2C1208C2257785C400CB652F /* SerieTableViewCell.swift */,
				2C1208C3257785C400CB652F /* SerieTableViewCell.xib */,
			);
			path = View;
			sourceTree = "<group>";
		};
		2C1208CD2577CB6C00CB652F /* CharactersScene */ = {
			isa = PBXGroup;
			children = (
				2C1208E32577F65E00CB652F /* View */,
				2C1208CE2577CBB200CB652F /* CharactersPresenter.swift */,
				2C1208CF2577CBB200CB652F /* CharactersWorker.swift */,
				2C1208D02577CBB200CB652F /* CharactersRouter.swift */,
				2C1208D12577CBB200CB652F /* CharactersModels.swift */,
				2C1208D22577CBB200CB652F /* CharactersViewController.swift */,
				2C1208D32577CBB200CB652F /* CharactersInteractor.swift */,
				2C1208DF2577E1A500CB652F /* Characters.storyboard */,
			);
			path = CharactersScene;
			sourceTree = "<group>";
		};
		2C1208DA2577CEAA00CB652F /* Characters */ = {
			isa = PBXGroup;
			children = (
				2C1208DB2577CEDB00CB652F /* CharacterRepository.swift */,
				2C1208DD2577CF3F00CB652F /* APICharacterRepository.swift */,
			);
			path = Characters;
			sourceTree = "<group>";
		};
		2C1208E32577F65E00CB652F /* View */ = {
			isa = PBXGroup;
			children = (
				2C1208E42577F67D00CB652F /* CharacterCollectionViewCell.swift */,
				2C1208E52577F67D00CB652F /* CharacterCollectionViewCell.xib */,
			);
			path = View;
			sourceTree = "<group>";
		};
		2C5E5F082578CE440067CC13 /* Scenes */ = {
			isa = PBXGroup;
			children = (
				2C5E5F092578CE4E0067CC13 /* MainScene */,
			);
			path = Scenes;
			sourceTree = "<group>";
		};
		2C5E5F092578CE4E0067CC13 /* MainScene */ = {
			isa = PBXGroup;
			children = (
				2C5E5F0A2578CE690067CC13 /* MainViewControllerTests.swift */,
				2C5E5F0B2578CE690067CC13 /* MainInteractorTests.swift */,
				2C5E5F0C2578CE690067CC13 /* MainWorkerTests.swift */,
				2C5E5F0D2578CE690067CC13 /* MainPresenterTests.swift */,
			);
			path = MainScene;
			sourceTree = "<group>";
		};
		2C5EF1C42576A14B00DC5870 /* Utils */ = {
			isa = PBXGroup;
			children = (
				2C5EF1C72576A5AB00DC5870 /* Constants.swift */,
			);
			path = Utils;
			sourceTree = "<group>";
		};
		2C5EF1CE2576EB5C00DC5870 /* Series */ = {
			isa = PBXGroup;
			children = (
				2C5EF1CF2576EB7600DC5870 /* SerieRepository.swift */,
				2C5EF1D12576EBBC00DC5870 /* LocalSerieRepository.swift */,
				2C5EF1D32576EBE300DC5870 /* APISerieRepository.swift */,
			);
			path = Series;
			sourceTree = "<group>";
		};
		2C5EF1D72576ECB200DC5870 /* Models */ = {
			isa = PBXGroup;
			children = (
				2C5EF1D82576ECBF00DC5870 /* Serie.swift */,
				2C5EF1DA2576F56500DC5870 /* DataResponse.swift */,
				2C5EF1DC2576F7F600DC5870 /* DataModel.swift */,
				2C1208C82577C30900CB652F /* Thumbnail.swift */,
				2C1208E12577E99900CB652F /* Actor.swift */,
			);
			path = Models;
			sourceTree = "<group>";
		};
		2CA8061F257692D8000571E5 /* Scenes */ = {
			isa = PBXGroup;
			children = (
				2CA806242576936B000571E5 /* BaseViewController.swift */,
				2CA8062625769762000571E5 /* MainScene */,
				2C1208B125777E8400CB652F /* SeriesScene */,
				2C1208CD2577CB6C00CB652F /* CharactersScene */,
			);
			path = Scenes;
			sourceTree = "<group>";
		};
		2CA80620257692E5000571E5 /* Networking */ = {
			isa = PBXGroup;
			children = (
				2C5EF1D72576ECB200DC5870 /* Models */,
			);
			path = Networking;
			sourceTree = "<group>";
		};
		2CA80621257692F1000571E5 /* Managers */ = {
			isa = PBXGroup;
			children = (
				2C5EF1D52576EC7C00DC5870 /* SeriesManager.swift */,
			);
			path = Managers;
			sourceTree = "<group>";
		};
		2CA80622257692F9000571E5 /* Repositories */ = {
			isa = PBXGroup;
			children = (
				2C5EF1C92576E86100DC5870 /* APIBaseRepository.swift */,
				2C5EF1CE2576EB5C00DC5870 /* Series */,
				2C1208DA2577CEAA00CB652F /* Characters */,
			);
			path = Repositories;
			sourceTree = "<group>";
		};
		2CA8062325769306000571E5 /* i18n */ = {
			isa = PBXGroup;
			children = (
				2C1208C62577B98E00CB652F /* Localizable.strings */,
			);
			path = i18n;
			sourceTree = "<group>";
		};
		2CA8062625769762000571E5 /* MainScene */ = {
			isa = PBXGroup;
			children = (
				2CA8062725769963000571E5 /* MainPresenter.swift */,
				2CA8062825769963000571E5 /* MainWorker.swift */,
				2CA8062925769963000571E5 /* MainRouter.swift */,
				2CA8062A25769963000571E5 /* MainModels.swift */,
				2CA8062B25769963000571E5 /* MainViewController.swift */,
				2CA8062C25769963000571E5 /* MainInteractor.swift */,
				2CA8063325769997000571E5 /* Main.storyboard */,
			);
			path = MainScene;
			sourceTree = "<group>";
		};
		2CDC92FF25768DBD0046943A = {
			isa = PBXGroup;
			children = (
				2CDC930A25768DBD0046943A /* JSONMarvelapp */,
				2CDC932125768DBE0046943A /* JSONMarvelappTests */,
				2CDC930925768DBD0046943A /* Products */,
				A9AB546C428444564A2CF21C /* Pods */,
				919243222CEAD3A1F83BEB00 /* Frameworks */,
			);
			sourceTree = "<group>";
		};
		2CDC930925768DBD0046943A /* Products */ = {
			isa = PBXGroup;
			children = (
				2CDC930825768DBD0046943A /* JSONMarvelapp.app */,
				2CDC931E25768DBE0046943A /* JSONMarvelappTests.xctest */,
			);
			name = Products;
			sourceTree = "<group>";
		};
		2CDC930A25768DBD0046943A /* JSONMarvelapp */ = {
			isa = PBXGroup;
			children = (
				2CA8061F257692D8000571E5 /* Scenes */,
				2CA80620257692E5000571E5 /* Networking */,
				2CA80622257692F9000571E5 /* Repositories */,
				2CA80621257692F1000571E5 /* Managers */,
				2C5EF1C42576A14B00DC5870 /* Utils */,
				2CA8062325769306000571E5 /* i18n */,
				2CDC930B25768DBD0046943A /* AppDelegate.swift */,
				2CDC930D25768DBD0046943A /* SceneDelegate.swift */,
				2CDC931425768DBE0046943A /* Assets.xcassets */,
				2CDC931625768DBE0046943A /* LaunchScreen.storyboard */,
				2CDC931925768DBE0046943A /* Info.plist */,
				2CA8061E25769192000571E5 /* JSONMarvelapp-Bridging-Header.h */,
			);
			path = JSONMarvelapp;
			sourceTree = "<group>";
		};
		2CDC932125768DBE0046943A /* JSONMarvelappTests */ = {
			isa = PBXGroup;
			children = (
				2C5E5F082578CE440067CC13 /* Scenes */,
				2CDC932225768DBE0046943A /* JSONMarvelappTests.swift */,
				2CDC932425768DBF0046943A /* Info.plist */,
			);
			path = JSONMarvelappTests;
			sourceTree = "<group>";
		};
		919243222CEAD3A1F83BEB00 /* Frameworks */ = {
			isa = PBXGroup;
			children = (
				5A9CFCA541149004F3A9C470 /* Pods_JSONMarvelapp.framework */,
				ACDA961F64425D4DDD1BE5FA /* Pods_JSONMarvelappTests.framework */,
			);
			name = Frameworks;
			sourceTree = "<group>";
		};
		A9AB546C428444564A2CF21C /* Pods */ = {
			isa = PBXGroup;
			children = (
				F75A2C8FBF8FF1889E7BD483 /* Pods-JSONMarvelapp.debug.xcconfig */,
				ECD235819FFEEF2DFAF36E2F /* Pods-JSONMarvelapp.release.xcconfig */,
				0CEAD4170E5E3A18A327F052 /* Pods-JSONMarvelappTests.debug.xcconfig */,
				539A574C934EB0A193A08145 /* Pods-JSONMarvelappTests.release.xcconfig */,
			);
			path = Pods;
			sourceTree = "<group>";
		};
/* End PBXGroup section */

/* Begin PBXNativeTarget section */
		2CDC930725768DBD0046943A /* JSONMarvelapp */ = {
			isa = PBXNativeTarget;
			buildConfigurationList = 2CDC932725768DBF0046943A /* Build configuration list for PBXNativeTarget "JSONMarvelapp" */;
			buildPhases = (
				E121EFD50E8AC015616F9D14 /* [CP] Check Pods Manifest.lock */,
				2CDC930425768DBD0046943A /* Sources */,
				2CDC930525768DBD0046943A /* Frameworks */,
				2CDC930625768DBD0046943A /* Resources */,
				EE57E6C382060EB935EBD459 /* [CP] Embed Pods Frameworks */,
			);
			buildRules = (
			);
			dependencies = (
			);
			name = JSONMarvelapp;
			productName = JSONMarvelapp;
			productReference = 2CDC930825768DBD0046943A /* JSONMarvelapp.app */;
			productType = "com.apple.product-type.application";
		};
		2CDC931D25768DBE0046943A /* JSONMarvelappTests */ = {
			isa = PBXNativeTarget;
			buildConfigurationList = 2CDC932A25768DBF0046943A /* Build configuration list for PBXNativeTarget "JSONMarvelappTests" */;
			buildPhases = (
				AAFE333269AFF5444B8F0673 /* [CP] Check Pods Manifest.lock */,
				2CDC931A25768DBE0046943A /* Sources */,
				2CDC931B25768DBE0046943A /* Frameworks */,
				2CDC931C25768DBE0046943A /* Resources */,
				9F3813B35383D60904FB0EDE /* [CP] Embed Pods Frameworks */,
			);
			buildRules = (
			);
			dependencies = (
				2CDC932025768DBE0046943A /* PBXTargetDependency */,
			);
			name = JSONMarvelappTests;
			productName = JSONMarvelappTests;
			productReference = 2CDC931E25768DBE0046943A /* JSONMarvelappTests.xctest */;
			productType = "com.apple.product-type.bundle.unit-test";
		};
/* End PBXNativeTarget section */

/* Begin PBXProject section */
		2CDC930025768DBD0046943A /* Project object */ = {
			isa = PBXProject;
			attributes = {
				LastSwiftUpdateCheck = 1170;
				LastUpgradeCheck = 1170;
				ORGANIZATIONNAME = IDIAZM;
				TargetAttributes = {
					2CDC930725768DBD0046943A = {
						CreatedOnToolsVersion = 11.7;
					};
					2CDC931D25768DBE0046943A = {
						CreatedOnToolsVersion = 11.7;
						TestTargetID = 2CDC930725768DBD0046943A;
					};
				};
			};
			buildConfigurationList = 2CDC930325768DBD0046943A /* Build configuration list for PBXProject "JSONMarvelapp" */;
			compatibilityVersion = "Xcode 9.3";
			developmentRegion = en;
			hasScannedForEncodings = 0;
			knownRegions = (
				en,
				Base,
			);
			mainGroup = 2CDC92FF25768DBD0046943A;
			productRefGroup = 2CDC930925768DBD0046943A /* Products */;
			projectDirPath = "";
			projectRoot = "";
			targets = (
				2CDC930725768DBD0046943A /* JSONMarvelapp */,
				2CDC931D25768DBE0046943A /* JSONMarvelappTests */,
			);
		};
/* End PBXProject section */

/* Begin PBXResourcesBuildPhase section */
		2CDC930625768DBD0046943A /* Resources */ = {
			isa = PBXResourcesBuildPhase;
			buildActionMask = 2147483647;
			files = (
				2CDC931825768DBE0046943A /* LaunchScreen.storyboard in Resources */,
				2C1208C72577B98E00CB652F /* Localizable.strings in Resources */,
				2C1208E02577E1A500CB652F /* Characters.storyboard in Resources */,
				2C1208C5257785C400CB652F /* SerieTableViewCell.xib in Resources */,
				2C1208E72577F67D00CB652F /* CharacterCollectionViewCell.xib in Resources */,
				2CDC931525768DBE0046943A /* Assets.xcassets in Resources */,
				2CA8063425769997000571E5 /* Main.storyboard in Resources */,
				2C1208BF25777F2200CB652F /* Series.storyboard in Resources */,
			);
			runOnlyForDeploymentPostprocessing = 0;
		};
		2CDC931C25768DBE0046943A /* Resources */ = {
			isa = PBXResourcesBuildPhase;
			buildActionMask = 2147483647;
			files = (
			);
			runOnlyForDeploymentPostprocessing = 0;
		};
/* End PBXResourcesBuildPhase section */

/* Begin PBXShellScriptBuildPhase section */
		9F3813B35383D60904FB0EDE /* [CP] Embed Pods Frameworks */ = {
			isa = PBXShellScriptBuildPhase;
			buildActionMask = 2147483647;
			files = (
			);
			inputFileListPaths = (
				"${PODS_ROOT}/Target Support Files/Pods-JSONMarvelappTests/Pods-JSONMarvelappTests-frameworks-${CONFIGURATION}-input-files.xcfilelist",
			);
			name = "[CP] Embed Pods Frameworks";
			outputFileListPaths = (
				"${PODS_ROOT}/Target Support Files/Pods-JSONMarvelappTests/Pods-JSONMarvelappTests-frameworks-${CONFIGURATION}-output-files.xcfilelist",
			);
			runOnlyForDeploymentPostprocessing = 0;
			shellPath = /bin/sh;
			shellScript = "\"${PODS_ROOT}/Target Support Files/Pods-JSONMarvelappTests/Pods-JSONMarvelappTests-frameworks.sh\"\n";
			showEnvVarsInLog = 0;
		};
		AAFE333269AFF5444B8F0673 /* [CP] Check Pods Manifest.lock */ = {
			isa = PBXShellScriptBuildPhase;
			buildActionMask = 2147483647;
			files = (
			);
			inputFileListPaths = (
			);
			inputPaths = (
				"${PODS_PODFILE_DIR_PATH}/Podfile.lock",
				"${PODS_ROOT}/Manifest.lock",
			);
			name = "[CP] Check Pods Manifest.lock";
			outputFileListPaths = (
			);
			outputPaths = (
				"$(DERIVED_FILE_DIR)/Pods-JSONMarvelappTests-checkManifestLockResult.txt",
			);
			runOnlyForDeploymentPostprocessing = 0;
			shellPath = /bin/sh;
			shellScript = "diff \"${PODS_PODFILE_DIR_PATH}/Podfile.lock\" \"${PODS_ROOT}/Manifest.lock\" > /dev/null\nif [ $? != 0 ] ; then\n    # print error to STDERR\n    echo \"error: The sandbox is not in sync with the Podfile.lock. Run 'pod install' or update your CocoaPods installation.\" >&2\n    exit 1\nfi\n# This output is used by Xcode 'outputs' to avoid re-running this script phase.\necho \"SUCCESS\" > \"${SCRIPT_OUTPUT_FILE_0}\"\n";
			showEnvVarsInLog = 0;
		};
		E121EFD50E8AC015616F9D14 /* [CP] Check Pods Manifest.lock */ = {
			isa = PBXShellScriptBuildPhase;
			buildActionMask = 2147483647;
			files = (
			);
			inputFileListPaths = (
			);
			inputPaths = (
				"${PODS_PODFILE_DIR_PATH}/Podfile.lock",
				"${PODS_ROOT}/Manifest.lock",
			);
			name = "[CP] Check Pods Manifest.lock";
			outputFileListPaths = (
			);
			outputPaths = (
				"$(DERIVED_FILE_DIR)/Pods-JSONMarvelapp-checkManifestLockResult.txt",
			);
			runOnlyForDeploymentPostprocessing = 0;
			shellPath = /bin/sh;
			shellScript = "diff \"${PODS_PODFILE_DIR_PATH}/Podfile.lock\" \"${PODS_ROOT}/Manifest.lock\" > /dev/null\nif [ $? != 0 ] ; then\n    # print error to STDERR\n    echo \"error: The sandbox is not in sync with the Podfile.lock. Run 'pod install' or update your CocoaPods installation.\" >&2\n    exit 1\nfi\n# This output is used by Xcode 'outputs' to avoid re-running this script phase.\necho \"SUCCESS\" > \"${SCRIPT_OUTPUT_FILE_0}\"\n";
			showEnvVarsInLog = 0;
		};
		EE57E6C382060EB935EBD459 /* [CP] Embed Pods Frameworks */ = {
			isa = PBXShellScriptBuildPhase;
			buildActionMask = 2147483647;
			files = (
			);
			inputFileListPaths = (
				"${PODS_ROOT}/Target Support Files/Pods-JSONMarvelapp/Pods-JSONMarvelapp-frameworks-${CONFIGURATION}-input-files.xcfilelist",
			);
			name = "[CP] Embed Pods Frameworks";
			outputFileListPaths = (
				"${PODS_ROOT}/Target Support Files/Pods-JSONMarvelapp/Pods-JSONMarvelapp-frameworks-${CONFIGURATION}-output-files.xcfilelist",
			);
			runOnlyForDeploymentPostprocessing = 0;
			shellPath = /bin/sh;
			shellScript = "\"${PODS_ROOT}/Target Support Files/Pods-JSONMarvelapp/Pods-JSONMarvelapp-frameworks.sh\"\n";
			showEnvVarsInLog = 0;
		};
/* End PBXShellScriptBuildPhase section */

/* Begin PBXSourcesBuildPhase section */
		2CDC930425768DBD0046943A /* Sources */ = {
			isa = PBXSourcesBuildPhase;
			buildActionMask = 2147483647;
			files = (
				2C5EF1D22576EBBC00DC5870 /* LocalSerieRepository.swift in Sources */,
				2C5EF1D02576EB7600DC5870 /* SerieRepository.swift in Sources */,
				2CA8062D25769963000571E5 /* MainPresenter.swift in Sources */,
				2C5EF1DB2576F56500DC5870 /* DataResponse.swift in Sources */,
				2C5EF1C82576A5AB00DC5870 /* Constants.swift in Sources */,
				2C1208DC2577CEDB00CB652F /* CharacterRepository.swift in Sources */,
				2C1208BA25777E9E00CB652F /* SeriesRouter.swift in Sources */,
				2C1208C92577C30900CB652F /* Thumbnail.swift in Sources */,
				2C5EF1D62576EC7C00DC5870 /* SeriesManager.swift in Sources */,
				2CA8062F25769963000571E5 /* MainRouter.swift in Sources */,
				2C1208B825777E9E00CB652F /* SeriesPresenter.swift in Sources */,
				2CA8063225769963000571E5 /* MainInteractor.swift in Sources */,
				2C1208E62577F67D00CB652F /* CharacterCollectionViewCell.swift in Sources */,
				2CA806252576936B000571E5 /* BaseViewController.swift in Sources */,
				2CA8063025769963000571E5 /* MainModels.swift in Sources */,
				2C1208D62577CBB200CB652F /* CharactersRouter.swift in Sources */,
				2C1208BB25777E9E00CB652F /* SeriesModels.swift in Sources */,
				2C5EF1D42576EBE300DC5870 /* APISerieRepository.swift in Sources */,
				2C1208D92577CBB200CB652F /* CharactersInteractor.swift in Sources */,
				2C1208D52577CBB200CB652F /* CharactersWorker.swift in Sources */,
				2C1208D72577CBB200CB652F /* CharactersModels.swift in Sources */,
				2CDC930C25768DBD0046943A /* AppDelegate.swift in Sources */,
				2C1208BC25777E9E00CB652F /* SeriesViewController.swift in Sources */,
				2CA8063125769963000571E5 /* MainViewController.swift in Sources */,
				2C5EF1DD2576F7F600DC5870 /* DataModel.swift in Sources */,
				2C1208E22577E99900CB652F /* Actor.swift in Sources */,
				2C1208B925777E9E00CB652F /* SeriesWorker.swift in Sources */,
				2CA8062E25769963000571E5 /* MainWorker.swift in Sources */,
				2C1208DE2577CF3F00CB652F /* APICharacterRepository.swift in Sources */,
				2CDC930E25768DBD0046943A /* SceneDelegate.swift in Sources */,
				2C5EF1CA2576E86100DC5870 /* APIBaseRepository.swift in Sources */,
				2C1208C4257785C400CB652F /* SerieTableViewCell.swift in Sources */,
				2C1208BD25777E9E00CB652F /* SeriesInteractor.swift in Sources */,
				2C5EF1D92576ECBF00DC5870 /* Serie.swift in Sources */,
				2C1208D82577CBB200CB652F /* CharactersViewController.swift in Sources */,
				2C1208D42577CBB200CB652F /* CharactersPresenter.swift in Sources */,
			);
			runOnlyForDeploymentPostprocessing = 0;
		};
		2CDC931A25768DBE0046943A /* Sources */ = {
			isa = PBXSourcesBuildPhase;
			buildActionMask = 2147483647;
			files = (
				2CDC932325768DBE0046943A /* JSONMarvelappTests.swift in Sources */,
				2C5E5F0F2578CE690067CC13 /* MainInteractorTests.swift in Sources */,
				2C5E5F112578CE690067CC13 /* MainPresenterTests.swift in Sources */,
				2C5E5F102578CE690067CC13 /* MainWorkerTests.swift in Sources */,
				2C5E5F0E2578CE690067CC13 /* MainViewControllerTests.swift in Sources */,
			);
			runOnlyForDeploymentPostprocessing = 0;
		};
/* End PBXSourcesBuildPhase section */

/* Begin PBXTargetDependency section */
		2CDC932025768DBE0046943A /* PBXTargetDependency */ = {
			isa = PBXTargetDependency;
			target = 2CDC930725768DBD0046943A /* JSONMarvelapp */;
			targetProxy = 2CDC931F25768DBE0046943A /* PBXContainerItemProxy */;
		};
/* End PBXTargetDependency section */

/* Begin PBXVariantGroup section */
		2CDC931625768DBE0046943A /* LaunchScreen.storyboard */ = {
			isa = PBXVariantGroup;
			children = (
				2CDC931725768DBE0046943A /* Base */,
			);
			name = LaunchScreen.storyboard;
			sourceTree = "<group>";
		};
/* End PBXVariantGroup section */

/* Begin XCBuildConfiguration section */
		2CDC932525768DBF0046943A /* Debug */ = {
			isa = XCBuildConfiguration;
			buildSettings = {
				ALWAYS_SEARCH_USER_PATHS = NO;
				CLANG_ANALYZER_NONNULL = YES;
				CLANG_ANALYZER_NUMBER_OBJECT_CONVERSION = YES_AGGRESSIVE;
				CLANG_CXX_LANGUAGE_STANDARD = "gnu++14";
				CLANG_CXX_LIBRARY = "libc++";
				CLANG_ENABLE_MODULES = YES;
				CLANG_ENABLE_OBJC_ARC = YES;
				CLANG_ENABLE_OBJC_WEAK = YES;
				CLANG_WARN_BLOCK_CAPTURE_AUTORELEASING = YES;
				CLANG_WARN_BOOL_CONVERSION = YES;
				CLANG_WARN_COMMA = YES;
				CLANG_WARN_CONSTANT_CONVERSION = YES;
				CLANG_WARN_DEPRECATED_OBJC_IMPLEMENTATIONS = YES;
				CLANG_WARN_DIRECT_OBJC_ISA_USAGE = YES_ERROR;
				CLANG_WARN_DOCUMENTATION_COMMENTS = YES;
				CLANG_WARN_EMPTY_BODY = YES;
				CLANG_WARN_ENUM_CONVERSION = YES;
				CLANG_WARN_INFINITE_RECURSION = YES;
				CLANG_WARN_INT_CONVERSION = YES;
				CLANG_WARN_NON_LITERAL_NULL_CONVERSION = YES;
				CLANG_WARN_OBJC_IMPLICIT_RETAIN_SELF = YES;
				CLANG_WARN_OBJC_LITERAL_CONVERSION = YES;
				CLANG_WARN_OBJC_ROOT_CLASS = YES_ERROR;
				CLANG_WARN_RANGE_LOOP_ANALYSIS = YES;
				CLANG_WARN_STRICT_PROTOTYPES = YES;
				CLANG_WARN_SUSPICIOUS_MOVE = YES;
				CLANG_WARN_UNGUARDED_AVAILABILITY = YES_AGGRESSIVE;
				CLANG_WARN_UNREACHABLE_CODE = YES;
				CLANG_WARN__DUPLICATE_METHOD_MATCH = YES;
				COPY_PHASE_STRIP = NO;
				DEBUG_INFORMATION_FORMAT = dwarf;
				ENABLE_STRICT_OBJC_MSGSEND = YES;
				ENABLE_TESTABILITY = YES;
				GCC_C_LANGUAGE_STANDARD = gnu11;
				GCC_DYNAMIC_NO_PIC = NO;
				GCC_NO_COMMON_BLOCKS = YES;
				GCC_OPTIMIZATION_LEVEL = 0;
				GCC_PREPROCESSOR_DEFINITIONS = (
					"DEBUG=1",
					"$(inherited)",
				);
				GCC_WARN_64_TO_32_BIT_CONVERSION = YES;
				GCC_WARN_ABOUT_RETURN_TYPE = YES_ERROR;
				GCC_WARN_UNDECLARED_SELECTOR = YES;
				GCC_WARN_UNINITIALIZED_AUTOS = YES_AGGRESSIVE;
				GCC_WARN_UNUSED_FUNCTION = YES;
				GCC_WARN_UNUSED_VARIABLE = YES;
				IPHONEOS_DEPLOYMENT_TARGET = 13.7;
				MTL_ENABLE_DEBUG_INFO = INCLUDE_SOURCE;
				MTL_FAST_MATH = YES;
				ONLY_ACTIVE_ARCH = YES;
				SDKROOT = iphoneos;
				SWIFT_ACTIVE_COMPILATION_CONDITIONS = DEBUG;
				SWIFT_OPTIMIZATION_LEVEL = "-Onone";
			};
			name = Debug;
		};
		2CDC932625768DBF0046943A /* Release */ = {
			isa = XCBuildConfiguration;
			buildSettings = {
				ALWAYS_SEARCH_USER_PATHS = NO;
				CLANG_ANALYZER_NONNULL = YES;
				CLANG_ANALYZER_NUMBER_OBJECT_CONVERSION = YES_AGGRESSIVE;
				CLANG_CXX_LANGUAGE_STANDARD = "gnu++14";
				CLANG_CXX_LIBRARY = "libc++";
				CLANG_ENABLE_MODULES = YES;
				CLANG_ENABLE_OBJC_ARC = YES;
				CLANG_ENABLE_OBJC_WEAK = YES;
				CLANG_WARN_BLOCK_CAPTURE_AUTORELEASING = YES;
				CLANG_WARN_BOOL_CONVERSION = YES;
				CLANG_WARN_COMMA = YES;
				CLANG_WARN_CONSTANT_CONVERSION = YES;
				CLANG_WARN_DEPRECATED_OBJC_IMPLEMENTATIONS = YES;
				CLANG_WARN_DIRECT_OBJC_ISA_USAGE = YES_ERROR;
				CLANG_WARN_DOCUMENTATION_COMMENTS = YES;
				CLANG_WARN_EMPTY_BODY = YES;
				CLANG_WARN_ENUM_CONVERSION = YES;
				CLANG_WARN_INFINITE_RECURSION = YES;
				CLANG_WARN_INT_CONVERSION = YES;
				CLANG_WARN_NON_LITERAL_NULL_CONVERSION = YES;
				CLANG_WARN_OBJC_IMPLICIT_RETAIN_SELF = YES;
				CLANG_WARN_OBJC_LITERAL_CONVERSION = YES;
				CLANG_WARN_OBJC_ROOT_CLASS = YES_ERROR;
				CLANG_WARN_RANGE_LOOP_ANALYSIS = YES;
				CLANG_WARN_STRICT_PROTOTYPES = YES;
				CLANG_WARN_SUSPICIOUS_MOVE = YES;
				CLANG_WARN_UNGUARDED_AVAILABILITY = YES_AGGRESSIVE;
				CLANG_WARN_UNREACHABLE_CODE = YES;
				CLANG_WARN__DUPLICATE_METHOD_MATCH = YES;
				COPY_PHASE_STRIP = NO;
				DEBUG_INFORMATION_FORMAT = "dwarf-with-dsym";
				ENABLE_NS_ASSERTIONS = NO;
				ENABLE_STRICT_OBJC_MSGSEND = YES;
				GCC_C_LANGUAGE_STANDARD = gnu11;
				GCC_NO_COMMON_BLOCKS = YES;
				GCC_WARN_64_TO_32_BIT_CONVERSION = YES;
				GCC_WARN_ABOUT_RETURN_TYPE = YES_ERROR;
				GCC_WARN_UNDECLARED_SELECTOR = YES;
				GCC_WARN_UNINITIALIZED_AUTOS = YES_AGGRESSIVE;
				GCC_WARN_UNUSED_FUNCTION = YES;
				GCC_WARN_UNUSED_VARIABLE = YES;
				IPHONEOS_DEPLOYMENT_TARGET = 13.7;
				MTL_ENABLE_DEBUG_INFO = NO;
				MTL_FAST_MATH = YES;
				SDKROOT = iphoneos;
				SWIFT_COMPILATION_MODE = wholemodule;
				SWIFT_OPTIMIZATION_LEVEL = "-O";
				VALIDATE_PRODUCT = YES;
			};
			name = Release;
		};
		2CDC932825768DBF0046943A /* Debug */ = {
			isa = XCBuildConfiguration;
			baseConfigurationReference = F75A2C8FBF8FF1889E7BD483 /* Pods-JSONMarvelapp.debug.xcconfig */;
			buildSettings = {
				ASSETCATALOG_COMPILER_APPICON_NAME = AppIcon;
				CODE_SIGN_STYLE = Automatic;
				DEVELOPMENT_TEAM = 69P53KQ6SY;
				INFOPLIST_FILE = JSONMarvelapp/Info.plist;
				LD_RUNPATH_SEARCH_PATHS = (
					"$(inherited)",
					"@executable_path/Frameworks",
				);
				PRODUCT_BUNDLE_IDENTIFIER = IDIAZM.JSONMarvelapp;
				PRODUCT_NAME = "$(TARGET_NAME)";
				SWIFT_OBJC_BRIDGING_HEADER = "$SRCROOT/$PROJECT_NAME/JSONMarvelapp-Bridging-Header.h";
				SWIFT_VERSION = 5.0;
				TARGETED_DEVICE_FAMILY = "1,2";
			};
			name = Debug;
		};
		2CDC932925768DBF0046943A /* Release */ = {
			isa = XCBuildConfiguration;
			baseConfigurationReference = ECD235819FFEEF2DFAF36E2F /* Pods-JSONMarvelapp.release.xcconfig */;
			buildSettings = {
				ASSETCATALOG_COMPILER_APPICON_NAME = AppIcon;
				CODE_SIGN_STYLE = Automatic;
				DEVELOPMENT_TEAM = 69P53KQ6SY;
				INFOPLIST_FILE = JSONMarvelapp/Info.plist;
				LD_RUNPATH_SEARCH_PATHS = (
					"$(inherited)",
					"@executable_path/Frameworks",
				);
				PRODUCT_BUNDLE_IDENTIFIER = IDIAZM.JSONMarvelapp;
				PRODUCT_NAME = "$(TARGET_NAME)";
				SWIFT_OBJC_BRIDGING_HEADER = "$SRCROOT/$PROJECT_NAME/JSONMarvelapp-Bridging-Header.h";
				SWIFT_VERSION = 5.0;
				TARGETED_DEVICE_FAMILY = "1,2";
			};
			name = Release;
		};
		2CDC932B25768DBF0046943A /* Debug */ = {
			isa = XCBuildConfiguration;
			baseConfigurationReference = 0CEAD4170E5E3A18A327F052 /* Pods-JSONMarvelappTests.debug.xcconfig */;
			buildSettings = {
				ALWAYS_EMBED_SWIFT_STANDARD_LIBRARIES = YES;
				BUNDLE_LOADER = "$(TEST_HOST)";
				CODE_SIGN_STYLE = Automatic;
				DEVELOPMENT_TEAM = 69P53KQ6SY;
				INFOPLIST_FILE = JSONMarvelappTests/Info.plist;
				IPHONEOS_DEPLOYMENT_TARGET = 13.7;
				LD_RUNPATH_SEARCH_PATHS = (
					"$(inherited)",
					"@executable_path/Frameworks",
					"@loader_path/Frameworks",
				);
				PRODUCT_BUNDLE_IDENTIFIER = IDIAZM.JSONMarvelappTests;
				PRODUCT_NAME = "$(TARGET_NAME)";
				SWIFT_VERSION = 5.0;
				TARGETED_DEVICE_FAMILY = "1,2";
				TEST_HOST = "$(BUILT_PRODUCTS_DIR)/JSONMarvelapp.app/JSONMarvelapp";
			};
			name = Debug;
		};
		2CDC932C25768DBF0046943A /* Release */ = {
			isa = XCBuildConfiguration;
			baseConfigurationReference = 539A574C934EB0A193A08145 /* Pods-JSONMarvelappTests.release.xcconfig */;
			buildSettings = {
				ALWAYS_EMBED_SWIFT_STANDARD_LIBRARIES = YES;
				BUNDLE_LOADER = "$(TEST_HOST)";
				CODE_SIGN_STYLE = Automatic;
				DEVELOPMENT_TEAM = 69P53KQ6SY;
				INFOPLIST_FILE = JSONMarvelappTests/Info.plist;
				IPHONEOS_DEPLOYMENT_TARGET = 13.7;
				LD_RUNPATH_SEARCH_PATHS = (
					"$(inherited)",
					"@executable_path/Frameworks",
					"@loader_path/Frameworks",
				);
				PRODUCT_BUNDLE_IDENTIFIER = IDIAZM.JSONMarvelappTests;
				PRODUCT_NAME = "$(TARGET_NAME)";
				SWIFT_VERSION = 5.0;
				TARGETED_DEVICE_FAMILY = "1,2";
				TEST_HOST = "$(BUILT_PRODUCTS_DIR)/JSONMarvelapp.app/JSONMarvelapp";
			};
			name = Release;
		};
/* End XCBuildConfiguration section */

/* Begin XCConfigurationList section */
		2CDC930325768DBD0046943A /* Build configuration list for PBXProject "JSONMarvelapp" */ = {
			isa = XCConfigurationList;
			buildConfigurations = (
				2CDC932525768DBF0046943A /* Debug */,
				2CDC932625768DBF0046943A /* Release */,
			);
			defaultConfigurationIsVisible = 0;
			defaultConfigurationName = Release;
		};
		2CDC932725768DBF0046943A /* Build configuration list for PBXNativeTarget "JSONMarvelapp" */ = {
			isa = XCConfigurationList;
			buildConfigurations = (
				2CDC932825768DBF0046943A /* Debug */,
				2CDC932925768DBF0046943A /* Release */,
			);
			defaultConfigurationIsVisible = 0;
			defaultConfigurationName = Release;
		};
		2CDC932A25768DBF0046943A /* Build configuration list for PBXNativeTarget "JSONMarvelappTests" */ = {
			isa = XCConfigurationList;
			buildConfigurations = (
				2CDC932B25768DBF0046943A /* Debug */,
				2CDC932C25768DBF0046943A /* Release */,
			);
			defaultConfigurationIsVisible = 0;
			defaultConfigurationName = Release;
		};
/* End XCConfigurationList section */
	};
	rootObject = 2CDC930025768DBD0046943A /* Project object */;
}
